periph.io/x/periph v0.0.0-20190218125427-df7c7a4f8f86 h1:qyalv/ClPLE2zvu48IhBmqcZZp3+XngDNCIwruFRW78=
periph.io/x/periph v0.0.0-20190218125427-df7c7a4f8f86/go.mod h1:EWr+FCIU2dBWz5/wSWeiIUJTriYv9v2j2ENBmgYyy7Y=
periph.io/x/periph v3.4.0+incompatible h1:5gzxE4ryPq52cdqSw0mErR6pyJK8cBF2qdUAcOWh0bo=
periph.io/x/periph v3.4.0+incompatible/go.mod h1:EWr+FCIU2dBWz5/wSWeiIUJTriYv9v2j2ENBmgYyy7Y=
